// !$*UTF8*$!
{
	archiveVersion = 1;
	classes = {
	};
	objectVersion = 46;
	objects = {

/* Begin PBXBuildFile section */
		A97090A01C535E8700703DEF /* AppDelegate.swift in Sources */ = {isa = PBXBuildFile; fileRef = A970909F1C535E8700703DEF /* AppDelegate.swift */; };
		A97090A21C535E8700703DEF /* ViewController.swift in Sources */ = {isa = PBXBuildFile; fileRef = A97090A11C535E8700703DEF /* ViewController.swift */; };
		A97090A51C535E8700703DEF /* Main.storyboard in Resources */ = {isa = PBXBuildFile; fileRef = A97090A31C535E8700703DEF /* Main.storyboard */; };
		A97090A71C535E8700703DEF /* Assets.xcassets in Resources */ = {isa = PBXBuildFile; fileRef = A97090A61C535E8700703DEF /* Assets.xcassets */; };
		A97090AA1C535E8700703DEF /* LaunchScreen.storyboard in Resources */ = {isa = PBXBuildFile; fileRef = A97090A81C535E8700703DEF /* LaunchScreen.storyboard */; };
/* End PBXBuildFile section */

/* Begin PBXFileReference section */
		A970909C1C535E8700703DEF /* Download web content.app */ = {isa = PBXFileReference; explicitFileType = wrapper.application; includeInIndex = 0; path = "Download web content.app"; sourceTree = BUILT_PRODUCTS_DIR; };
		A970909F1C535E8700703DEF /* AppDelegate.swift */ = {isa = PBXFileReference; lastKnownFileType = sourcecode.swift; path = AppDelegate.swift; sourceTree = "<group>"; };
		A97090A11C535E8700703DEF /* ViewController.swift */ = {isa = PBXFileReference; lastKnownFileType = sourcecode.swift; path = ViewController.swift; sourceTree = "<group>"; };
		A97090A41C535E8700703DEF /* Base */ = {isa = PBXFileReference; lastKnownFileType = file.storyboard; name = Base; path = Base.lproj/Main.storyboard; sourceTree = "<group>"; };
		A97090A61C535E8700703DEF /* Assets.xcassets */ = {isa = PBXFileReference; lastKnownFileType = folder.assetcatalog; path = Assets.xcassets; sourceTree = "<group>"; };
		A97090A91C535E8700703DEF /* Base */ = {isa = PBXFileReference; lastKnownFileType = file.storyboard; name = Base; path = Base.lproj/LaunchScreen.storyboard; sourceTree = "<group>"; };
		A97090AB1C535E8700703DEF /* Info.plist */ = {isa = PBXFileReference; lastKnownFileType = text.plist.xml; path = Info.plist; sourceTree = "<group>"; };
/* End PBXFileReference section */

/* Begin PBXFrameworksBuildPhase section */
		A97090991C535E8700703DEF /* Frameworks */ = {
			isa = PBXFrameworksBuildPhase;
			buildActionMask = 2147483647;
			files = (
			);
			runOnlyForDeploymentPostprocessing = 0;
		};
/* End PBXFrameworksBuildPhase section */

/* Begin PBXGroup section */
		A97090931C535E8700703DEF = {
			isa = PBXGroup;
			children = (
				A970909E1C535E8700703DEF /* Download web content */,
				A970909D1C535E8700703DEF /* Products */,
			);
			sourceTree = "<group>";
		};
		A970909D1C535E8700703DEF /* Products */ = {
			isa = PBXGroup;
			children = (
				A970909C1C535E8700703DEF /* Download web content.app */,
			);
			name = Products;
			sourceTree = "<group>";
		};
		A970909E1C535E8700703DEF /* Download web content */ = {
			isa = PBXGroup;
			children = (
				A970909F1C535E8700703DEF /* AppDelegate.swift */,
				A97090A11C535E8700703DEF /* ViewController.swift */,
				A97090A31C535E8700703DEF /* Main.storyboard */,
				A97090A61C535E8700703DEF /* Assets.xcassets */,
				A97090A81C535E8700703DEF /* LaunchScreen.storyboard */,
				A97090AB1C535E8700703DEF /* Info.plist */,
			);
			path = "Download web content";
			sourceTree = "<group>";
		};
/* End PBXGroup section */

/* Begin PBXNativeTarget section */
		A970909B1C535E8700703DEF /* Download web content */ = {
			isa = PBXNativeTarget;
			buildConfigurationList = A97090AE1C535E8700703DEF /* Build configuration list for PBXNativeTarget "Download web content" */;
			buildPhases = (
				A97090981C535E8700703DEF /* Sources */,
				A97090991C535E8700703DEF /* Frameworks */,
				A970909A1C535E8700703DEF /* Resources */,
			);
			buildRules = (
			);
			dependencies = (
			);
			name = "Download web content";
			productName = "Download web content";
			productReference = A970909C1C535E8700703DEF /* Download web content.app */;
			productType = "com.apple.product-type.application";
		};
/* End PBXNativeTarget section */

/* Begin PBXProject section */
		A97090941C535E8700703DEF /* Project object */ = {
			isa = PBXProject;
			attributes = {
				LastSwiftUpdateCheck = 0720;
				LastUpgradeCheck = 0720;
				ORGANIZATIONNAME = AppBear;
				TargetAttributes = {
					A970909B1C535E8700703DEF = {
						CreatedOnToolsVersion = 7.2;
						DevelopmentTeam = XU3NCVBCUZ;
					};
				};
			};
			buildConfigurationList = A97090971C535E8700703DEF /* Build configuration list for PBXProject "Download web content" */;
			compatibilityVersion = "Xcode 3.2";
			developmentRegion = English;
			hasScannedForEncodings = 0;
			knownRegions = (
				en,
				Base,
			);
			mainGroup = A97090931C535E8700703DEF;
			productRefGroup = A970909D1C535E8700703DEF /* Products */;
			projectDirPath = "";
			projectRoot = "";
			targets = (
				A970909B1C535E8700703DEF /* Download web content */,
			);
		};
/* End PBXProject section */

/* Begin PBXResourcesBuildPhase section */
		A970909A1C535E8700703DEF /* Resources */ = {
			isa = PBXResourcesBuildPhase;
			buildActionMask = 2147483647;
			files = (
				A97090AA1C535E8700703DEF /* LaunchScreen.storyboard in Resources */,
				A97090A71C535E8700703DEF /* Assets.xcassets in Resources */,
				A97090A51C535E8700703DEF /* Main.storyboard in Resources */,
			);
			runOnlyForDeploymentPostprocessing = 0;
		};
/* End PBXResourcesBuildPhase section */

/* Begin PBXSourcesBuildPhase section */
		A97090981C535E8700703DEF /* Sources */ = {
			isa = PBXSourcesBuildPhase;
			buildActionMask = 2147483647;
			files = (
				A97090A21C535E8700703DEF /* ViewController.swift in Sources */,
				A97090A01C535E8700703DEF /* AppDelegate.swift in Sources */,
			);
			runOnlyForDeploymentPostprocessing = 0;
		};
/* End PBXSourcesBuildPhase section */

/* Begin PBXVariantGroup section */
		A97090A31C535E8700703DEF /* Main.storyboard */ = {
			isa = PBXVariantGroup;
			children = (
				A97090A41C535E8700703DEF /* Base */,
			);
			name = Main.storyboard;
			sourceTree = "<group>";
		};
		A97090A81C535E8700703DEF /* LaunchScreen.storyboard */ = {
			isa = PBXVariantGroup;
			children = (
				A97090A91C535E8700703DEF /* Base */,
			);
			name = LaunchScreen.storyboard;
			sourceTree = "<group>";
		};
/* End PBXVariantGroup section */

/* Begin XCBuildConfiguration section */
		A97090AC1C535E8700703DEF /* Debug */ = {
			isa = XCBuildConfiguration;
			buildSettings = {
				ALWAYS_SEARCH_USER_PATHS = NO;
				CLANG_CXX_LANGUAGE_STANDARD = "gnu++0x";
				CLANG_CXX_LIBRARY = "libc++";
				CLANG_ENABLE_MODULES = YES;
				CLANG_ENABLE_OBJC_ARC = YES;
				CLANG_WARN_BOOL_CONVERSION = YES;
				CLANG_WARN_CONSTANT_CONVERSION = YES;
				CLANG_WARN_DIRECT_OBJC_ISA_USAGE = YES_ERROR;
				CLANG_WARN_EMPTY_BODY = YES;
				CLANG_WARN_ENUM_CONVERSION = YES;
				CLANG_WARN_INT_CONVERSION = YES;
				CLANG_WARN_OBJC_ROOT_CLASS = YES_ERROR;
				CLANG_WARN_UNREACHABLE_CODE = YES;
				CLANG_WARN__DUPLICATE_METHOD_MATCH = YES;
				"CODE_SIGN_IDENTITY[sdk=iphoneos*]" = "iPhone Developer";
				COPY_PHASE_STRIP = NO;
				DEBUG_INFORMATION_FORMAT = dwarf;
				ENABLE_STRICT_OBJC_MSGSEND = YES;
				ENABLE_TESTABILITY = YES;
				GCC_C_LANGUAGE_STANDARD = gnu99;
				GCC_DYNAMIC_NO_PIC = NO;
				GCC_NO_COMMON_BLOCKS = YES;
				GCC_OPTIMIZATION_LEVEL = 0;
				GCC_PREPROCESSOR_DEFINITIONS = (
					"DEBUG=1",
					"$(inherited)",
				);
				GCC_WARN_64_TO_32_BIT_CONVERSION = YES;
				GCC_WARN_ABOUT_RETURN_TYPE = YES_ERROR;
				GCC_WARN_UNDECLARED_SELECTOR = YES;
				GCC_WARN_UNINITIALIZED_AUTOS = YES_AGGRESSIVE;
				GCC_WARN_UNUSED_FUNCTION = YES;
				GCC_WARN_UNUSED_VARIABLE = YES;
				IPHONEOS_DEPLOYMENT_TARGET = 9.2;
				MTL_ENABLE_DEBUG_INFO = YES;
				ONLY_ACTIVE_ARCH = YES;
				SDKROOT = iphoneos;
				SWIFT_OPTIMIZATION_LEVEL = "-Onone";
			};
			name = Debug;
		};
		A97090AD1C535E8700703DEF /* Release */ = {
			isa = XCBuildConfiguration;
			buildSettings = {
				ALWAYS_SEARCH_USER_PATHS = NO;
				CLANG_CXX_LANGUAGE_STANDARD = "gnu++0x";
				CLANG_CXX_LIBRARY = "libc++";
				CLANG_ENABLE_MODULES = YES;
				CLANG_ENABLE_OBJC_ARC = YES;
				CLANG_WARN_BOOL_CONVERSION = YES;
				CLANG_WARN_CONSTANT_CONVERSION = YES;
				CLANG_WARN_DIRECT_OBJC_ISA_USAGE = YES_ERROR;
				CLANG_WARN_EMPTY_BODY = YES;
				CLANG_WARN_ENUM_CONVERSION = YES;
				CLANG_WARN_INT_CONVERSION = YES;
				CLANG_WARN_OBJC_ROOT_CLASS = YES_ERROR;
				CLANG_WARN_UNREACHABLE_CODE = YES;
				CLANG_WARN__DUPLICATE_METHOD_MATCH = YES;
				"CODE_SIGN_IDENTITY[sdk=iphoneos*]" = "iPhone Developer";
				COPY_PHASE_STRIP = NO;
				DEBUG_INFORMATION_FORMAT = "dwarf-with-dsym";
				ENABLE_NS_ASSERTIONS = NO;
				ENABLE_STRICT_OBJC_MSGSEND = YES;
				GCC_C_LANGUAGE_STANDARD = gnu99;
				GCC_NO_COMMON_BLOCKS = YES;
				GCC_WARN_64_TO_32_BIT_CONVERSION = YES;
				GCC_WARN_ABOUT_RETURN_TYPE = YES_ERROR;
				GCC_WARN_UNDECLARED_SELECTOR = YES;
				GCC_WARN_UNINITIALIZED_AUTOS = YES_AGGRESSIVE;
				GCC_WARN_UNUSED_FUNCTION = YES;
				GCC_WARN_UNUSED_VARIABLE = YES;
				IPHONEOS_DEPLOYMENT_TARGET = 9.2;
				MTL_ENABLE_DEBUG_INFO = NO;
				SDKROOT = iphoneos;
				VALIDATE_PRODUCT = YES;
			};
			name = Release;
		};
		A97090AF1C535E8700703DEF /* Debug */ = {
			isa = XCBuildConfiguration;
			buildSettings = {
				ASSETCATALOG_COMPILER_APPICON_NAME = AppIcon;
				INFOPLIST_FILE = "Download web content/Info.plist";
				LD_RUNPATH_SEARCH_PATHS = "$(inherited) @executable_path/Frameworks";
				PRODUCT_BUNDLE_IDENTIFIER = "com.appfish.Download-web-content";
				PRODUCT_NAME = "$(TARGET_NAME)";
			};
			name = Debug;
		};
		A97090B01C535E8700703DEF /* Release */ = {
			isa = XCBuildConfiguration;
			buildSettings = {
				ASSETCATALOG_COMPILER_APPICON_NAME = AppIcon;
				INFOPLIST_FILE = "Download web content/Info.plist";
				LD_RUNPATH_SEARCH_PATHS = "$(inherited) @executable_path/Frameworks";
				PRODUCT_BUNDLE_IDENTIFIER = "com.appfish.Download-web-content";
				PRODUCT_NAME = "$(TARGET_NAME)";
			};
			name = Release;
		};
/* End XCBuildConfiguration section */

/* Begin XCConfigurationList section */
		A97090971C535E8700703DEF /* Build configuration list for PBXProject "Download web content" */ = {
			isa = XCConfigurationList;
			buildConfigurations = (
				A97090AC1C535E8700703DEF /* Debug */,
				A97090AD1C535E8700703DEF /* Release */,
			);
			defaultConfigurationIsVisible = 0;
			defaultConfigurationName = Release;
		};
		A97090AE1C535E8700703DEF /* Build configuration list for PBXNativeTarget "Download web content" */ = {
			isa = XCConfigurationList;
			buildConfigurations = (
				A97090AF1C535E8700703DEF /* Debug */,
				A97090B01C535E8700703DEF /* Release */,
			);
			defaultConfigurationIsVisible = 0;
		};
/* End XCConfigurationList section */
	};
	rootObject = A97090941C535E8700703DEF /* Project object */;
}
